
Microsoft Visual Studio Solution File, Format Version 12.00
# Visual Studio Version 16
VisualStudioVersion = 16.0.30114.105
MinimumVisualStudioVersion = 10.0.40219.1
Project("{F2A71F9B-5D33-465A-A702-920D77279786}") = "Technique.Test", "test\Technique.Test.fsproj", "{9F91E40A-A2F2-49E6-ADD3-27C0384D56A2}"
EndProject
Project("{F2A71F9B-5D33-465A-A702-920D77279786}") = "Technique", "src\Technique.fsproj", "{7718D562-FA57-4C72-8574-4F815BAA43F0}"
EndProject
Global
	GlobalSection(SolutionConfigurationPlatforms) = preSolution
		Debug|Any CPU = Debug|Any CPU
		Release|Any CPU = Release|Any CPU
	EndGlobalSection
	GlobalSection(SolutionProperties) = preSolution
		HideSolutionNode = FALSE
	EndGlobalSection
	GlobalSection(ProjectConfigurationPlatforms) = postSolution
		{9F91E40A-A2F2-49E6-ADD3-27C0384D56A2}.Debug|Any CPU.ActiveCfg = Debug|Any CPU
		{9F91E40A-A2F2-49E6-ADD3-27C0384D56A2}.Debug|Any CPU.Build.0 = Debug|Any CPU
		{9F91E40A-A2F2-49E6-ADD3-27C0384D56A2}.Release|Any CPU.ActiveCfg = Release|Any CPU
		{9F91E40A-A2F2-49E6-ADD3-27C0384D56A2}.Release|Any CPU.Build.0 = Release|Any CPU
		{7718D562-FA57-4C72-8574-4F815BAA43F0}.Debug|Any CPU.ActiveCfg = Debug|Any CPU
		{7718D562-FA57-4C72-8574-4F815BAA43F0}.Debug|Any CPU.Build.0 = Debug|Any CPU
		{7718D562-FA57-4C72-8574-4F815BAA43F0}.Release|Any CPU.ActiveCfg = Release|Any CPU
		{7718D562-FA57-4C72-8574-4F815BAA43F0}.Release|Any CPU.Build.0 = Release|Any CPU
	EndGlobalSection
EndGlobal
